
Microsoft Visual Studio Solution File, Format Version 12.00
# Visual Studio Version 16
VisualStudioVersion = 16.0.29613.14
MinimumVisualStudioVersion = 10.0.40219.1
Project("{2150E333-8FDC-42A3-9474-1A3956D46DE8}") = "Exercise2", "Exercise2", "{5449194D-930C-4E42-964A-6871E634B2B4}"
EndProject
Project("{2150E333-8FDC-42A3-9474-1A3956D46DE8}") = "4- Core", "4- Core", "{8F738A28-5350-4E7E-95FD-29FDABF9C7BA}"
EndProject
Project("{2150E333-8FDC-42A3-9474-1A3956D46DE8}") = "2- Middleware", "2- Middleware", "{2635B28D-D90E-41AC-BB1E-2E56D73BE176}"
EndProject
Project("{9A19103F-16F7-4668-BE54-9A1E7A4F7556}") = "University.Core", "University.Core\University.Core.csproj", "{082A0170-6D4F-4DF9-BB2E-76790EE61781}"
EndProject
Project("{9A19103F-16F7-4668-BE54-9A1E7A4F7556}") = "University.Api", "University.Api\University.Api.csproj", "{8D606A67-F178-45EE-A603-9ADE2F14061E}"
EndProject
Project("{2150E333-8FDC-42A3-9474-1A3956D46DE8}") = "5- Data", "5- Data", "{4F5B5585-0978-4164-A3D0-20558414A91C}"
EndProject
Project("{2150E333-8FDC-42A3-9474-1A3956D46DE8}") = "3- Application", "3- Application", "{5E11C6E4-6E73-463F-BD41-DC098E91833B}"
EndProject
Project("{FAE04EC0-301F-11D3-BF4B-00C04F79EFBC}") = "University.Application", "University.Application\University.Application.csproj", "{61896CB1-66DA-466C-AE73-7BB3B050140E}"
EndProject
Project("{FAE04EC0-301F-11D3-BF4B-00C04F79EFBC}") = "University.Data", "University.Data\University.Data.csproj", "{0F2D058F-BBFD-44A4-9D0B-587496415430}"
EndProject
Project("{2150E333-8FDC-42A3-9474-1A3956D46DE8}") = "1- Presentation", "1- Presentation", "{BB8183EE-97EE-48FC-BB01-3DBA2CF4DF91}"
EndProject
Project("{2150E333-8FDC-42A3-9474-1A3956D46DE8}") = "6- Infra", "6- Infra", "{C94FCD05-C01B-40A1-9FEA-A27A14FC1B65}"
EndProject
Project("{FAE04EC0-301F-11D3-BF4B-00C04F79EFBC}") = "University.Infra", "University.Infra\University.Infra.csproj", "{FBE8974C-5698-4871-A13D-2B3770A7B426}"
EndProject
Global
	GlobalSection(SolutionConfigurationPlatforms) = preSolution
		Debug|Any CPU = Debug|Any CPU
		Release|Any CPU = Release|Any CPU
	EndGlobalSection
	GlobalSection(ProjectConfigurationPlatforms) = postSolution
		{082A0170-6D4F-4DF9-BB2E-76790EE61781}.Debug|Any CPU.ActiveCfg = Debug|Any CPU
		{082A0170-6D4F-4DF9-BB2E-76790EE61781}.Debug|Any CPU.Build.0 = Debug|Any CPU
		{082A0170-6D4F-4DF9-BB2E-76790EE61781}.Release|Any CPU.ActiveCfg = Release|Any CPU
		{082A0170-6D4F-4DF9-BB2E-76790EE61781}.Release|Any CPU.Build.0 = Release|Any CPU
		{8D606A67-F178-45EE-A603-9ADE2F14061E}.Debug|Any CPU.ActiveCfg = Debug|Any CPU
		{8D606A67-F178-45EE-A603-9ADE2F14061E}.Debug|Any CPU.Build.0 = Debug|Any CPU
		{8D606A67-F178-45EE-A603-9ADE2F14061E}.Release|Any CPU.ActiveCfg = Release|Any CPU
		{8D606A67-F178-45EE-A603-9ADE2F14061E}.Release|Any CPU.Build.0 = Release|Any CPU
		{61896CB1-66DA-466C-AE73-7BB3B050140E}.Debug|Any CPU.ActiveCfg = Debug|Any CPU
		{61896CB1-66DA-466C-AE73-7BB3B050140E}.Debug|Any CPU.Build.0 = Debug|Any CPU
		{61896CB1-66DA-466C-AE73-7BB3B050140E}.Release|Any CPU.ActiveCfg = Release|Any CPU
		{61896CB1-66DA-466C-AE73-7BB3B050140E}.Release|Any CPU.Build.0 = Release|Any CPU
		{0F2D058F-BBFD-44A4-9D0B-587496415430}.Debug|Any CPU.ActiveCfg = Debug|Any CPU
		{0F2D058F-BBFD-44A4-9D0B-587496415430}.Debug|Any CPU.Build.0 = Debug|Any CPU
		{0F2D058F-BBFD-44A4-9D0B-587496415430}.Release|Any CPU.ActiveCfg = Release|Any CPU
		{0F2D058F-BBFD-44A4-9D0B-587496415430}.Release|Any CPU.Build.0 = Release|Any CPU
		{FBE8974C-5698-4871-A13D-2B3770A7B426}.Debug|Any CPU.ActiveCfg = Debug|Any CPU
		{FBE8974C-5698-4871-A13D-2B3770A7B426}.Debug|Any CPU.Build.0 = Debug|Any CPU
		{FBE8974C-5698-4871-A13D-2B3770A7B426}.Release|Any CPU.ActiveCfg = Release|Any CPU
		{FBE8974C-5698-4871-A13D-2B3770A7B426}.Release|Any CPU.Build.0 = Release|Any CPU
	EndGlobalSection
	GlobalSection(SolutionProperties) = preSolution
		HideSolutionNode = FALSE
	EndGlobalSection
	GlobalSection(NestedProjects) = preSolution
		{8F738A28-5350-4E7E-95FD-29FDABF9C7BA} = {5449194D-930C-4E42-964A-6871E634B2B4}
		{2635B28D-D90E-41AC-BB1E-2E56D73BE176} = {5449194D-930C-4E42-964A-6871E634B2B4}
		{082A0170-6D4F-4DF9-BB2E-76790EE61781} = {8F738A28-5350-4E7E-95FD-29FDABF9C7BA}
		{8D606A67-F178-45EE-A603-9ADE2F14061E} = {2635B28D-D90E-41AC-BB1E-2E56D73BE176}
		{4F5B5585-0978-4164-A3D0-20558414A91C} = {5449194D-930C-4E42-964A-6871E634B2B4}
		{5E11C6E4-6E73-463F-BD41-DC098E91833B} = {5449194D-930C-4E42-964A-6871E634B2B4}
		{61896CB1-66DA-466C-AE73-7BB3B050140E} = {5E11C6E4-6E73-463F-BD41-DC098E91833B}
		{0F2D058F-BBFD-44A4-9D0B-587496415430} = {4F5B5585-0978-4164-A3D0-20558414A91C}
		{BB8183EE-97EE-48FC-BB01-3DBA2CF4DF91} = {5449194D-930C-4E42-964A-6871E634B2B4}
		{C94FCD05-C01B-40A1-9FEA-A27A14FC1B65} = {5449194D-930C-4E42-964A-6871E634B2B4}
		{FBE8974C-5698-4871-A13D-2B3770A7B426} = {C94FCD05-C01B-40A1-9FEA-A27A14FC1B65}
	EndGlobalSection
	GlobalSection(ExtensibilityGlobals) = postSolution
		SolutionGuid = {C1AA400E-C101-4F0E-A230-ED9917377375}
	EndGlobalSection
EndGlobal
